
Microsoft Visual Studio Solution File, Format Version 12.00
# Visual Studio Version 16
VisualStudioVersion = 16.0.28729.10
MinimumVisualStudioVersion = 10.0.40219.1
Project("{FAE04EC0-301F-11D3-BF4B-00C04F79EFBC}") = "GrandCircus_Day25", "GrandCircus_Day25\GrandCircus_Day25.csproj", "{C9B0E80D-4E60-4135-8CD4-41049A507A0C}"
EndProject
Project("{FAE04EC0-301F-11D3-BF4B-00C04F79EFBC}") = "Excercise70", "Excercise70\Excercise70.csproj", "{9242349C-71E8-4D17-BA0D-28B98BB303EF}"
EndProject
Global
	GlobalSection(SolutionConfigurationPlatforms) = preSolution
		Debug|Any CPU = Debug|Any CPU
		Release|Any CPU = Release|Any CPU
	EndGlobalSection
	GlobalSection(ProjectConfigurationPlatforms) = postSolution
		{C9B0E80D-4E60-4135-8CD4-41049A507A0C}.Debug|Any CPU.ActiveCfg = Debug|Any CPU
		{C9B0E80D-4E60-4135-8CD4-41049A507A0C}.Debug|Any CPU.Build.0 = Debug|Any CPU
		{C9B0E80D-4E60-4135-8CD4-41049A507A0C}.Release|Any CPU.ActiveCfg = Release|Any CPU
		{C9B0E80D-4E60-4135-8CD4-41049A507A0C}.Release|Any CPU.Build.0 = Release|Any CPU
		{9242349C-71E8-4D17-BA0D-28B98BB303EF}.Debug|Any CPU.ActiveCfg = Debug|Any CPU
		{9242349C-71E8-4D17-BA0D-28B98BB303EF}.Debug|Any CPU.Build.0 = Debug|Any CPU
		{9242349C-71E8-4D17-BA0D-28B98BB303EF}.Release|Any CPU.ActiveCfg = Release|Any CPU
		{9242349C-71E8-4D17-BA0D-28B98BB303EF}.Release|Any CPU.Build.0 = Release|Any CPU
	EndGlobalSection
	GlobalSection(SolutionProperties) = preSolution
		HideSolutionNode = FALSE
	EndGlobalSection
	GlobalSection(ExtensibilityGlobals) = postSolution
		SolutionGuid = {75A31E79-1264-42AE-8437-859AA04E3D01}
	EndGlobalSection
EndGlobal
