
Microsoft Visual Studio Solution File, Format Version 12.00
# Visual Studio Version 16
VisualStudioVersion = 16.0.28729.10
MinimumVisualStudioVersion = 10.0.40219.1
Project("{FAE04EC0-301F-11D3-BF4B-00C04F79EFBC}") = "GrandCircus_Day10", "GrandCircus_Day10\GrandCircus_Day10.csproj", "{EB8EB2D1-22C1-46F9-AF92-6A9E28E91CA6}"
EndProject
Project("{FAE04EC0-301F-11D3-BF4B-00C04F79EFBC}") = "Exercise_42", "Exercise_42\Exercise_42.csproj", "{D96EC287-D09C-447E-9F95-1B27A9393B04}"
EndProject
Global
	GlobalSection(SolutionConfigurationPlatforms) = preSolution
		Debug|Any CPU = Debug|Any CPU
		Release|Any CPU = Release|Any CPU
	EndGlobalSection
	GlobalSection(ProjectConfigurationPlatforms) = postSolution
		{EB8EB2D1-22C1-46F9-AF92-6A9E28E91CA6}.Debug|Any CPU.ActiveCfg = Debug|Any CPU
		{EB8EB2D1-22C1-46F9-AF92-6A9E28E91CA6}.Debug|Any CPU.Build.0 = Debug|Any CPU
		{EB8EB2D1-22C1-46F9-AF92-6A9E28E91CA6}.Release|Any CPU.ActiveCfg = Release|Any CPU
		{EB8EB2D1-22C1-46F9-AF92-6A9E28E91CA6}.Release|Any CPU.Build.0 = Release|Any CPU
		{D96EC287-D09C-447E-9F95-1B27A9393B04}.Debug|Any CPU.ActiveCfg = Debug|Any CPU
		{D96EC287-D09C-447E-9F95-1B27A9393B04}.Debug|Any CPU.Build.0 = Debug|Any CPU
		{D96EC287-D09C-447E-9F95-1B27A9393B04}.Release|Any CPU.ActiveCfg = Release|Any CPU
		{D96EC287-D09C-447E-9F95-1B27A9393B04}.Release|Any CPU.Build.0 = Release|Any CPU
	EndGlobalSection
	GlobalSection(SolutionProperties) = preSolution
		HideSolutionNode = FALSE
	EndGlobalSection
	GlobalSection(ExtensibilityGlobals) = postSolution
		SolutionGuid = {6899074D-26AE-4E83-ABBD-9A3B5E6A57CB}
	EndGlobalSection
EndGlobal
