
Microsoft Visual Studio Solution File, Format Version 12.00
# Visual Studio Version 16
VisualStudioVersion = 16.0.28729.10
MinimumVisualStudioVersion = 10.0.40219.1
Project("{FAE04EC0-301F-11D3-BF4B-00C04F79EFBC}") = "GrandCircus_Day26", "GrandCircus_Day26\GrandCircus_Day26.csproj", "{187F9AE2-EDCB-4BB4-A64E-22EB838D3FDB}"
EndProject
Project("{FAE04EC0-301F-11D3-BF4B-00C04F79EFBC}") = "Excercise75", "Excercise75\Excercise75.csproj", "{2C7E479C-B783-4F4A-85A6-53D8E28F1F19}"
EndProject
Global
	GlobalSection(SolutionConfigurationPlatforms) = preSolution
		Debug|Any CPU = Debug|Any CPU
		Release|Any CPU = Release|Any CPU
	EndGlobalSection
	GlobalSection(ProjectConfigurationPlatforms) = postSolution
		{187F9AE2-EDCB-4BB4-A64E-22EB838D3FDB}.Debug|Any CPU.ActiveCfg = Debug|Any CPU
		{187F9AE2-EDCB-4BB4-A64E-22EB838D3FDB}.Debug|Any CPU.Build.0 = Debug|Any CPU
		{187F9AE2-EDCB-4BB4-A64E-22EB838D3FDB}.Release|Any CPU.ActiveCfg = Release|Any CPU
		{187F9AE2-EDCB-4BB4-A64E-22EB838D3FDB}.Release|Any CPU.Build.0 = Release|Any CPU
		{2C7E479C-B783-4F4A-85A6-53D8E28F1F19}.Debug|Any CPU.ActiveCfg = Debug|Any CPU
		{2C7E479C-B783-4F4A-85A6-53D8E28F1F19}.Debug|Any CPU.Build.0 = Debug|Any CPU
		{2C7E479C-B783-4F4A-85A6-53D8E28F1F19}.Release|Any CPU.ActiveCfg = Release|Any CPU
		{2C7E479C-B783-4F4A-85A6-53D8E28F1F19}.Release|Any CPU.Build.0 = Release|Any CPU
	EndGlobalSection
	GlobalSection(SolutionProperties) = preSolution
		HideSolutionNode = FALSE
	EndGlobalSection
	GlobalSection(ExtensibilityGlobals) = postSolution
		SolutionGuid = {D2169AA6-17E0-4C02-A0AE-B6CFA2C605E0}
	EndGlobalSection
EndGlobal
