
Microsoft Visual Studio Solution File, Format Version 12.00
# Visual Studio Version 16
VisualStudioVersion = 16.0.28729.10
MinimumVisualStudioVersion = 10.0.40219.1
Project("{9A19103F-16F7-4668-BE54-9A1E7A4F7556}") = "GrandCircus_Day9", "GrandCircus_Day9\GrandCircus_Day9.csproj", "{22507E3E-17F4-4BA7-8F74-88A1C4E5DB9A}"
EndProject
Project("{FAE04EC0-301F-11D3-BF4B-00C04F79EFBC}") = "Exercises", "Exercises\Exercises.csproj", "{51408F01-9163-44B3-A334-09471818FD1D}"
EndProject
Project("{2150E333-8FDC-42A3-9474-1A3956D46DE8}") = "Solution Items", "Solution Items", "{69EB1BEC-B20F-4DEC-9D6E-AAE6D44069A8}"
EndProject
Global
	GlobalSection(SolutionConfigurationPlatforms) = preSolution
		Debug|Any CPU = Debug|Any CPU
		Release|Any CPU = Release|Any CPU
	EndGlobalSection
	GlobalSection(ProjectConfigurationPlatforms) = postSolution
		{22507E3E-17F4-4BA7-8F74-88A1C4E5DB9A}.Debug|Any CPU.ActiveCfg = Debug|Any CPU
		{22507E3E-17F4-4BA7-8F74-88A1C4E5DB9A}.Debug|Any CPU.Build.0 = Debug|Any CPU
		{22507E3E-17F4-4BA7-8F74-88A1C4E5DB9A}.Release|Any CPU.ActiveCfg = Release|Any CPU
		{22507E3E-17F4-4BA7-8F74-88A1C4E5DB9A}.Release|Any CPU.Build.0 = Release|Any CPU
		{51408F01-9163-44B3-A334-09471818FD1D}.Debug|Any CPU.ActiveCfg = Debug|Any CPU
		{51408F01-9163-44B3-A334-09471818FD1D}.Debug|Any CPU.Build.0 = Debug|Any CPU
		{51408F01-9163-44B3-A334-09471818FD1D}.Release|Any CPU.ActiveCfg = Release|Any CPU
		{51408F01-9163-44B3-A334-09471818FD1D}.Release|Any CPU.Build.0 = Release|Any CPU
	EndGlobalSection
	GlobalSection(SolutionProperties) = preSolution
		HideSolutionNode = FALSE
	EndGlobalSection
	GlobalSection(ExtensibilityGlobals) = postSolution
		SolutionGuid = {F25271E2-3636-4681-883F-AC381BCFEC9A}
	EndGlobalSection
EndGlobal
