
Microsoft Visual Studio Solution File, Format Version 12.00
# Visual Studio Version 16
VisualStudioVersion = 16.0.28729.10
MinimumVisualStudioVersion = 10.0.40219.1
Project("{FAE04EC0-301F-11D3-BF4B-00C04F79EFBC}") = "FizzBuzzWoofLab", "ConsoleApp1\FizzBuzzWoofLab.csproj", "{16246452-05E1-4B5A-957E-6D5E78E92B5C}"
EndProject
Project("{FAE04EC0-301F-11D3-BF4B-00C04F79EFBC}") = "FizzBuzzWoofTest", "FizzBuzzWoofTest\FizzBuzzWoofTest.csproj", "{B9B4F216-418B-41DA-AAF6-6195E1A7B35A}"
EndProject
Global
	GlobalSection(SolutionConfigurationPlatforms) = preSolution
		Debug|Any CPU = Debug|Any CPU
		Release|Any CPU = Release|Any CPU
	EndGlobalSection
	GlobalSection(ProjectConfigurationPlatforms) = postSolution
		{16246452-05E1-4B5A-957E-6D5E78E92B5C}.Debug|Any CPU.ActiveCfg = Debug|Any CPU
		{16246452-05E1-4B5A-957E-6D5E78E92B5C}.Debug|Any CPU.Build.0 = Debug|Any CPU
		{16246452-05E1-4B5A-957E-6D5E78E92B5C}.Release|Any CPU.ActiveCfg = Release|Any CPU
		{16246452-05E1-4B5A-957E-6D5E78E92B5C}.Release|Any CPU.Build.0 = Release|Any CPU
		{B9B4F216-418B-41DA-AAF6-6195E1A7B35A}.Debug|Any CPU.ActiveCfg = Debug|Any CPU
		{B9B4F216-418B-41DA-AAF6-6195E1A7B35A}.Debug|Any CPU.Build.0 = Debug|Any CPU
		{B9B4F216-418B-41DA-AAF6-6195E1A7B35A}.Release|Any CPU.ActiveCfg = Release|Any CPU
		{B9B4F216-418B-41DA-AAF6-6195E1A7B35A}.Release|Any CPU.Build.0 = Release|Any CPU
	EndGlobalSection
	GlobalSection(SolutionProperties) = preSolution
		HideSolutionNode = FALSE
	EndGlobalSection
	GlobalSection(ExtensibilityGlobals) = postSolution
		SolutionGuid = {D5A6072D-AA43-4C76-B73D-963B4995334A}
	EndGlobalSection
EndGlobal
